
Microsoft Visual Studio Solution File, Format Version 12.00
# Visual Studio Version 17
VisualStudioVersion = 17.3.32825.248
MinimumVisualStudioVersion = 10.0.40219.1
Project("{FAE04EC0-301F-11D3-BF4B-00C04F79EFBC}") = "DigitalBank_LM", "DigitalBank_LM\DigitalBank_LM.csproj", "{3646B250-D3F3-4ABD-BDFE-29115550926B}"
EndProject
Global
	GlobalSection(SolutionConfigurationPlatforms) = preSolution
		Debug|Any CPU = Debug|Any CPU
		Release|Any CPU = Release|Any CPU
	EndGlobalSection
	GlobalSection(ProjectConfigurationPlatforms) = postSolution
		{3646B250-D3F3-4ABD-BDFE-29115550926B}.Debug|Any CPU.ActiveCfg = Debug|Any CPU
		{3646B250-D3F3-4ABD-BDFE-29115550926B}.Debug|Any CPU.Build.0 = Debug|Any CPU
		{3646B250-D3F3-4ABD-BDFE-29115550926B}.Release|Any CPU.ActiveCfg = Release|Any CPU
		{3646B250-D3F3-4ABD-BDFE-29115550926B}.Release|Any CPU.Build.0 = Release|Any CPU
	EndGlobalSection
	GlobalSection(SolutionProperties) = preSolution
		HideSolutionNode = FALSE
	EndGlobalSection
	GlobalSection(ExtensibilityGlobals) = postSolution
		SolutionGuid = {3A62A92B-0509-44E3-9BEF-A0A9EE5F7A16}
	EndGlobalSection
EndGlobal
